
Microsoft Visual Studio Solution File, Format Version 12.00
# Visual Studio Version 17
VisualStudioVersion = 17.3.32901.215
MinimumVisualStudioVersion = 10.0.40219.1
Project("{FAE04EC0-301F-11D3-BF4B-00C04F79EFBC}") = "CabInvoiceGenerator", "CabInvoiceGenerator\CabInvoiceGenerator.csproj", "{39CD4874-3751-401F-804D-766099470EFA}"
EndProject
Project("{FAE04EC0-301F-11D3-BF4B-00C04F79EFBC}") = "TestProject1", "TestProject1\TestProject1.csproj", "{E7F971C4-0FAD-431A-B48A-0146417E9DDC}"
EndProject
Global
	GlobalSection(SolutionConfigurationPlatforms) = preSolution
		Debug|Any CPU = Debug|Any CPU
		Release|Any CPU = Release|Any CPU
	EndGlobalSection
	GlobalSection(ProjectConfigurationPlatforms) = postSolution
		{39CD4874-3751-401F-804D-766099470EFA}.Debug|Any CPU.ActiveCfg = Debug|Any CPU
		{39CD4874-3751-401F-804D-766099470EFA}.Debug|Any CPU.Build.0 = Debug|Any CPU
		{39CD4874-3751-401F-804D-766099470EFA}.Release|Any CPU.ActiveCfg = Release|Any CPU
		{39CD4874-3751-401F-804D-766099470EFA}.Release|Any CPU.Build.0 = Release|Any CPU
		{E7F971C4-0FAD-431A-B48A-0146417E9DDC}.Debug|Any CPU.ActiveCfg = Debug|Any CPU
		{E7F971C4-0FAD-431A-B48A-0146417E9DDC}.Debug|Any CPU.Build.0 = Debug|Any CPU
		{E7F971C4-0FAD-431A-B48A-0146417E9DDC}.Release|Any CPU.ActiveCfg = Release|Any CPU
		{E7F971C4-0FAD-431A-B48A-0146417E9DDC}.Release|Any CPU.Build.0 = Release|Any CPU
	EndGlobalSection
	GlobalSection(SolutionProperties) = preSolution
		HideSolutionNode = FALSE
	EndGlobalSection
	GlobalSection(ExtensibilityGlobals) = postSolution
		SolutionGuid = {0440267D-48C9-4700-80BA-90FA8F2FC682}
	EndGlobalSection
EndGlobal
